
Microsoft Visual Studio Solution File, Format Version 12.00
# Visual Studio Version 17
VisualStudioVersion = 17.5.33516.290
MinimumVisualStudioVersion = 10.0.40219.1
Project("{FAE04EC0-301F-11D3-BF4B-00C04F79EFBC}") = "KreatoorsAI.WebAPI", "KreatoorsAI.WebAPI\KreatoorsAI.WebAPI.csproj", "{5D9510AA-5873-49D7-B70B-EE6C17BC113F}"
EndProject
Project("{FAE04EC0-301F-11D3-BF4B-00C04F79EFBC}") = "KreatoorsAI.Core", "KreatoorsAI.Core\KreatoorsAI.Core.csproj", "{7E721F0D-8568-4F29-B23A-437266FCFB92}"
EndProject
Project("{FAE04EC0-301F-11D3-BF4B-00C04F79EFBC}") = "KreatoorsAI.Data", "KreatoorsAI.Data\KreatoorsAI.Data.csproj", "{3F2C51CF-E0C4-4BAD-9AB0-3DD403A00355}"
EndProject
Global
	GlobalSection(SolutionConfigurationPlatforms) = preSolution
		Debug|Any CPU = Debug|Any CPU
		Release|Any CPU = Release|Any CPU
	EndGlobalSection
	GlobalSection(ProjectConfigurationPlatforms) = postSolution
		{5D9510AA-5873-49D7-B70B-EE6C17BC113F}.Debug|Any CPU.ActiveCfg = Debug|Any CPU
		{5D9510AA-5873-49D7-B70B-EE6C17BC113F}.Debug|Any CPU.Build.0 = Debug|Any CPU
		{5D9510AA-5873-49D7-B70B-EE6C17BC113F}.Release|Any CPU.ActiveCfg = Release|Any CPU
		{5D9510AA-5873-49D7-B70B-EE6C17BC113F}.Release|Any CPU.Build.0 = Release|Any CPU
		{7E721F0D-8568-4F29-B23A-437266FCFB92}.Debug|Any CPU.ActiveCfg = Debug|Any CPU
		{7E721F0D-8568-4F29-B23A-437266FCFB92}.Debug|Any CPU.Build.0 = Debug|Any CPU
		{7E721F0D-8568-4F29-B23A-437266FCFB92}.Release|Any CPU.ActiveCfg = Release|Any CPU
		{7E721F0D-8568-4F29-B23A-437266FCFB92}.Release|Any CPU.Build.0 = Release|Any CPU
		{3F2C51CF-E0C4-4BAD-9AB0-3DD403A00355}.Debug|Any CPU.ActiveCfg = Debug|Any CPU
		{3F2C51CF-E0C4-4BAD-9AB0-3DD403A00355}.Debug|Any CPU.Build.0 = Debug|Any CPU
		{3F2C51CF-E0C4-4BAD-9AB0-3DD403A00355}.Release|Any CPU.ActiveCfg = Release|Any CPU
		{3F2C51CF-E0C4-4BAD-9AB0-3DD403A00355}.Release|Any CPU.Build.0 = Release|Any CPU
	EndGlobalSection
	GlobalSection(SolutionProperties) = preSolution
		HideSolutionNode = FALSE
	EndGlobalSection
	GlobalSection(ExtensibilityGlobals) = postSolution
		SolutionGuid = {E9BAC4D8-8C06-4054-A44E-51C3294431F1}
	EndGlobalSection
EndGlobal
